# This file is generated by `lpm install`; do not edit it manually.
version = 2

[[package]]
name = "mayari/adpt"
version = "0.1.3"
environment = "luau"
link = "adpt"
index = "https://github.com/luaupm/index"
type = "tar-gz"
url = "https://cdn.luaupm.com/mayari/adpt/0.1.3.tar.gz"

[[package]]
name = "mayari/common"
version = "0.1.9"
environment = "luau"
link = "common"
index = "https://github.com/luaupm/index"
type = "tar-gz"
url = "https://cdn.luaupm.com/mayari/common/0.1.9.tar.gz"
