# This file is automatically @generated by pesde.
# It is not intended for manual editing.
format = 2
name = "bizwiz3/orca"
version = "0.1.0"
target = "lune"

[graph."bizwiz3/lunemon@0.1.1 lune"]
direct = ["lunemon", { name = "bizwiz3/lunemon", version = "^0.1.1", index = "default" }, "standard"]

[graph."bizwiz3/lunemon@0.1.1 lune".pkg_ref]
ref_ty = "pesde"
index_url = "https://github.com/pesde-pkg/index"
